
Microsoft Visual Studio Solution File, Format Version 12.00
# Visual Studio 2015
Project("{FAE04EC0-301F-11D3-BF4B-00C04F79EFBC}") = "HungryBoy.CSharp", "HungryBoy.CSharp.csproj", "{3F661AE5-8F4A-B3BE-BE8F-023710593D47}"
EndProject
Global
	GlobalSection(SolutionConfigurationPlatforms) = preSolution
		Debug|Any CPU = Debug|Any CPU
		Release|Any CPU = Release|Any CPU
	EndGlobalSection
	GlobalSection(ProjectConfigurationPlatforms) = postSolution
		{3F661AE5-8F4A-B3BE-BE8F-023710593D47}.Debug|Any CPU.ActiveCfg = Debug|Any CPU
		{3F661AE5-8F4A-B3BE-BE8F-023710593D47}.Debug|Any CPU.Build.0 = Debug|Any CPU
		{3F661AE5-8F4A-B3BE-BE8F-023710593D47}.Release|Any CPU.ActiveCfg = Release|Any CPU
		{3F661AE5-8F4A-B3BE-BE8F-023710593D47}.Release|Any CPU.Build.0 = Release|Any CPU
	EndGlobalSection
	GlobalSection(SolutionProperties) = preSolution
		HideSolutionNode = FALSE
	EndGlobalSection
EndGlobal
